
Microsoft Visual Studio Solution File, Format Version 12.00
# Visual Studio Version 17
VisualStudioVersion = 17.4.33213.308
MinimumVisualStudioVersion = 10.0.40219.1
Project("{FAE04EC0-301F-11D3-BF4B-00C04F79EFBC}") = "Printable", "Printable\Printable.csproj", "{A9FE6B8D-CE54-44D3-8B1B-6BC093900FC3}"
EndProject
Global
	GlobalSection(SolutionConfigurationPlatforms) = preSolution
		Debug|Any CPU = Debug|Any CPU
		Release|Any CPU = Release|Any CPU
	EndGlobalSection
	GlobalSection(ProjectConfigurationPlatforms) = postSolution
		{A9FE6B8D-CE54-44D3-8B1B-6BC093900FC3}.Debug|Any CPU.ActiveCfg = Debug|Any CPU
		{A9FE6B8D-CE54-44D3-8B1B-6BC093900FC3}.Debug|Any CPU.Build.0 = Debug|Any CPU
		{A9FE6B8D-CE54-44D3-8B1B-6BC093900FC3}.Release|Any CPU.ActiveCfg = Release|Any CPU
		{A9FE6B8D-CE54-44D3-8B1B-6BC093900FC3}.Release|Any CPU.Build.0 = Release|Any CPU
	EndGlobalSection
	GlobalSection(SolutionProperties) = preSolution
		HideSolutionNode = FALSE
	EndGlobalSection
	GlobalSection(ExtensibilityGlobals) = postSolution
		SolutionGuid = {B1EC8984-9D78-4ADD-9086-782C77746992}
	EndGlobalSection
EndGlobal
